[[package]]
category = "main"
description = ""
name = "aerich"
optional = false
python-versions = "^3.7"
version = "0.2.3"

[package.dependencies]
asyncclick = "*"
pydantic = "*"
tortoise-orm = "*"

[package.extras]
dbdrivers = ["aiomysql", "asyncpg"]

[package.source]
reference = "d18a6b5be0e4b7f2daad3e6f3de2188ed313da16"
type = "git"
url = "https://github.com/ShirleyChau/aerich.git"
[[package]]
category = "main"
description = "asyncio bridge to the standard sqlite3 module"
name = "aiosqlite"
optional = false
python-versions = ">=3.6"
version = "0.15.0"

[package.dependencies]
typing_extensions = "*"

[[package]]
category = "main"
description = "High level compatibility layer for multiple asynchronous event loop implementations"
name = "anyio"
optional = false
python-versions = ">=3.6.2"
version = "2.0.0"

[package.dependencies]
idna = ">=2.8"
sniffio = ">=1.1"

[package.extras]
curio = ["curio (>=1.4)"]
doc = ["sphinx-rtd-theme", "sphinx-autodoc-typehints (>=1.2.0)"]
test = ["coverage (>=4.5)", "hypothesis (>=4.0)", "pytest (>=4.3)", "trustme", "uvloop"]
trio = ["trio (>=0.16)"]

[[package]]
category = "main"
description = "A simple anyio-compatible fork of Click, for powerful command line utilities."
name = "asyncclick"
optional = false
python-versions = ">=3.6"
version = "7.1.2.1"

[package.dependencies]
anyio = ">=2"

[package.extras]
dev = ["coverage", "pytest-runner", "pytest-trio", "pytest (>=3)", "sphinx", "tox"]
docs = ["sphinx"]

[[package]]
category = "main"
description = "Internationalized Domain Names in Applications (IDNA)"
name = "idna"
optional = false
python-versions = ">=2.7, !=3.0.*, !=3.1.*, !=3.2.*, !=3.3.*"
version = "2.10"

[[package]]
category = "main"
description = "Simple module to parse ISO 8601 dates"
name = "iso8601"
optional = false
python-versions = "*"
version = "0.1.13"

[[package]]
category = "main"
description = "Data validation and settings management using python 3.6 type hinting"
name = "pydantic"
optional = false
python-versions = ">=3.6"
version = "1.6.1"

[package.extras]
dotenv = ["python-dotenv (>=0.10.4)"]
email = ["email-validator (>=1.0.3)"]
typing_extensions = ["typing-extensions (>=3.7.2)"]

[[package]]
category = "main"
description = "A SQL query builder API for Python"
name = "pypika"
optional = false
python-versions = "*"
version = "0.39.1"

[[package]]
category = "main"
description = "Sniff out which async library your code is running under"
name = "sniffio"
optional = false
python-versions = ">=3.5"
version = "1.1.0"

[[package]]
category = "main"
description = "Easy async ORM for python, built with relations in mind"
name = "tortoise-orm"
optional = false
python-versions = "*"
version = "0.16.15"

[package.dependencies]
aiosqlite = ">=0.11.0"
iso8601 = ">=0.1.12"
pypika = ">=0.39.0"
typing-extensions = ">=3.7"

[package.extras]
accel = ["python-rapidjson", "ciso8601 (>=2.1.2)", "uvloop (>=0.12.0)"]

[[package]]
category = "main"
description = "Backported and Experimental Type Hints for Python 3.5+"
name = "typing-extensions"
optional = false
python-versions = "*"
version = "3.7.4.3"

[metadata]
content-hash = "c6d1fe030efd1df7eeddcdc95ceb7ab6a83832bdf0f561bd1a9db28aa69f46eb"
lock-version = "1.0"
python-versions = "^3.8"

[metadata.files]
aerich = []
aiosqlite = [
    {file = "aiosqlite-0.15.0-py3-none-any.whl", hash = "sha256:19b984b6702aed9f1c85c023f37296954547fc4030dae8e9d027b2a930bed78b"},
    {file = "aiosqlite-0.15.0.tar.gz", hash = "sha256:a2884793f4dc8f2798d90e1dfecb2b56a6d479cf039f7ec52356a7fd5f3bdc57"},
]
anyio = [
    {file = "anyio-2.0.0-py3-none-any.whl", hash = "sha256:0b8375c8fc665236cb4d143ea13e849eb9e074d727b1b5c27d88aba44ca8c547"},
    {file = "anyio-2.0.0.tar.gz", hash = "sha256:ceca4669ffa3f02bf20ef3d6c2a0c323b16cdc71d1ce0b0bc03c6f1f36054826"},
]
asyncclick = [
    {file = "asyncclick-7.1.2.1.tar.gz", hash = "sha256:fe9fd8c44a6ae396e54471bd5f209838d46124e019ae701dd71a9c898928483b"},
]
idna = [
    {file = "idna-2.10-py2.py3-none-any.whl", hash = "sha256:b97d804b1e9b523befed77c48dacec60e6dcb0b5391d57af6a65a312a90648c0"},
    {file = "idna-2.10.tar.gz", hash = "sha256:b307872f855b18632ce0c21c5e45be78c0ea7ae4c15c828c20788b26921eb3f6"},
]
iso8601 = [
    {file = "iso8601-0.1.13-py2.py3-none-any.whl", hash = "sha256:694be0743e9f1535ea873bfc7bd6fb62380c62b75822761859428073a17fd39c"},
    {file = "iso8601-0.1.13-py3-none-any.whl", hash = "sha256:6f02f01dd13320a7f280e58516dc8d1950dfaf77527cc365a398cd9de4d3c692"},
    {file = "iso8601-0.1.13.tar.gz", hash = "sha256:f7dec22af52025d4526be94cc1303c7d8f5379b746a3f54a8c8446384392eeb1"},
]
pydantic = [
    {file = "pydantic-1.6.1-cp36-cp36m-macosx_10_9_x86_64.whl", hash = "sha256:418b84654b60e44c0cdd5384294b0e4bc1ebf42d6e873819424f3b78b8690614"},
    {file = "pydantic-1.6.1-cp36-cp36m-manylinux1_i686.whl", hash = "sha256:4900b8820b687c9a3ed753684337979574df20e6ebe4227381d04b3c3c628f99"},
    {file = "pydantic-1.6.1-cp36-cp36m-manylinux2014_i686.whl", hash = "sha256:b49c86aecde15cde33835d5d6360e55f5e0067bb7143a8303bf03b872935c75b"},
    {file = "pydantic-1.6.1-cp36-cp36m-manylinux2014_x86_64.whl", hash = "sha256:2de562a456c4ecdc80cf1a8c3e70c666625f7d02d89a6174ecf63754c734592e"},
    {file = "pydantic-1.6.1-cp36-cp36m-win_amd64.whl", hash = "sha256:f769141ab0abfadf3305d4fcf36660e5cf568a666dd3efab7c3d4782f70946b1"},
    {file = "pydantic-1.6.1-cp37-cp37m-macosx_10_9_x86_64.whl", hash = "sha256:2dc946b07cf24bee4737ced0ae77e2ea6bc97489ba5a035b603bd1b40ad81f7e"},
    {file = "pydantic-1.6.1-cp37-cp37m-manylinux1_i686.whl", hash = "sha256:36dbf6f1be212ab37b5fda07667461a9219c956181aa5570a00edfb0acdfe4a1"},
    {file = "pydantic-1.6.1-cp37-cp37m-manylinux2014_i686.whl", hash = "sha256:1783c1d927f9e1366e0e0609ae324039b2479a1a282a98ed6a6836c9ed02002c"},
    {file = "pydantic-1.6.1-cp37-cp37m-manylinux2014_x86_64.whl", hash = "sha256:cf3933c98cb5e808b62fae509f74f209730b180b1e3c3954ee3f7949e083a7df"},
    {file = "pydantic-1.6.1-cp37-cp37m-win_amd64.whl", hash = "sha256:f8af9b840a9074e08c0e6dc93101de84ba95df89b267bf7151d74c553d66833b"},
    {file = "pydantic-1.6.1-cp38-cp38-macosx_10_9_x86_64.whl", hash = "sha256:40d765fa2d31d5be8e29c1794657ad46f5ee583a565c83cea56630d3ae5878b9"},
    {file = "pydantic-1.6.1-cp38-cp38-manylinux1_i686.whl", hash = "sha256:3fa799f3cfff3e5f536cbd389368fc96a44bb30308f258c94ee76b73bd60531d"},
    {file = "pydantic-1.6.1-cp38-cp38-manylinux2014_i686.whl", hash = "sha256:6c3f162ba175678218629f446a947e3356415b6b09122dcb364e58c442c645a7"},
    {file = "pydantic-1.6.1-cp38-cp38-manylinux2014_x86_64.whl", hash = "sha256:eb75dc1809875d5738df14b6566ccf9fd9c0bcde4f36b72870f318f16b9f5c20"},
    {file = "pydantic-1.6.1-cp38-cp38-win_amd64.whl", hash = "sha256:530d7222a2786a97bc59ee0e0ebbe23728f82974b1f1ad9a11cd966143410633"},
    {file = "pydantic-1.6.1-py36.py37.py38-none-any.whl", hash = "sha256:b5b3489cb303d0f41ad4a7390cf606a5f2c7a94dcba20c051cd1c653694cb14d"},
    {file = "pydantic-1.6.1.tar.gz", hash = "sha256:54122a8ed6b75fe1dd80797f8251ad2063ea348a03b77218d73ea9fe19bd4e73"},
]
pypika = [
    {file = "PyPika-0.39.1.tar.gz", hash = "sha256:f6c715348cb6fa0042fe5b69f40cbb19c36ee3ff68414ece8660465c56523012"},
]
sniffio = [
    {file = "sniffio-1.1.0-py3-none-any.whl", hash = "sha256:20ed6d5b46f8ae136d00b9dcb807615d83ed82ceea6b2058cecb696765246da5"},
    {file = "sniffio-1.1.0.tar.gz", hash = "sha256:8e3810100f69fe0edd463d02ad407112542a11ffdc29f67db2bf3771afb87a21"},
]
tortoise-orm = [
    {file = "tortoise-orm-0.16.15.tar.gz", hash = "sha256:47d5acd7cdcd2660dd71a8b0d96a0fe5cc2171fd49576d4f8791dcd6365ece91"},
]
typing-extensions = [
    {file = "typing_extensions-3.7.4.3-py2-none-any.whl", hash = "sha256:dafc7639cde7f1b6e1acc0f457842a83e722ccca8eef5270af2d74792619a89f"},
    {file = "typing_extensions-3.7.4.3-py3-none-any.whl", hash = "sha256:7cb407020f00f7bfc3cb3e7881628838e69d8f3fcab2f64742a5e76b2f841918"},
    {file = "typing_extensions-3.7.4.3.tar.gz", hash = "sha256:99d4073b617d30288f569d3f13d2bd7548c3a7e4c8de87db09a9d29bb3a4a60c"},
]
